PODS:
  - CocoaLumberjack (3.2.0):
    - CocoaLumberjack/Default (= 3.2.0)
    - CocoaLumberjack/Extensions (= 3.2.0)
  - CocoaLumberjack/Default (3.2.0)
  - CocoaLumberjack/Extensions (3.2.0):
    - CocoaLumberjack/Default
  - DACircularProgress (2.3.1)
  - Masonry (1.0.2)
  - ReactiveObjC (3.0.0)
  - SDWebImage (4.0.0):
    - SDWebImage/Core (= 4.0.0)
  - SDWebImage/Core (4.0.0)
  - TBVAssetsManager (0.1.0):
    - ReactiveObjC (~> 3.0)
  - TBVImageBrowser (1.0.0):
    - ReactiveObjC (~> 3.0)
    - TBVLogger (~> 1.0)
  - TBVImageProvider (1.0.0):
    - DACircularProgress (~> 2.0)
    - ReactiveObjC (~> 3.0)
    - SDWebImage (~> 4.0)
    - TBVAssetsManager
    - TBVImageBrowser (~> 1.0)
  - TBVLogger (1.0.0):
    - CocoaLumberjack (~> 3.0)

DEPENDENCIES:
  - DACircularProgress
  - Masonry
  - SDWebImage
  - TBVAssetsManager
  - TBVImageBrowser (from `../TBVImageBrowser`)
  - TBVImageProvider
  - TBVLogger

EXTERNAL SOURCES:
  TBVImageBrowser:
    :path: "../TBVImageBrowser"

SPEC CHECKSUMS:
  CocoaLumberjack: 9b4aed7073d242f29cc2f62068d995faf67f703a
  DACircularProgress: 4dd437c0fc3da5161cb289e07ac449493d41db71
  Masonry: 7c429b56da9d4ee0bbb3ed77a5ea710d6a5df39e
  ReactiveObjC: ce79989e8684b9086b5f8d0c74bc7b81a8729c9e
  SDWebImage: 76a6348bdc74eb5a55dd08a091ef298e56b55e41
  TBVAssetsManager: 1c3322b25def5a60a1126f5113bd06c44d8a277c
  TBVImageBrowser: 8272b99f668c83ea9254f5b249d96cf2a416d4da
  TBVImageProvider: d638286eae995498524414f45d787787428294b0
  TBVLogger: 95532524d05c5353def79d07d21ffe20fd51e99f

PODFILE CHECKSUM: 78c71a36da0b7742111eddc5b14b1d9c8eff2ee5

COCOAPODS: 1.2.0
