// !$*UTF8*$!
{
	archiveVersion = 1;
	classes = {
	};
	objectVersion = 46;
	objects = {

/* Begin PBXBuildFile section */
		8415B20685FB64313A42DDB4 /* libPods-TBVImageBrowser.a in Frameworks */ = {isa = PBXBuildFile; fileRef = E7DAA40C384FD910CBF20E45 /* libPods-TBVImageBrowser.a */; };
		D62EDEDC1D881B990070F673 /* TBVImageElement.m in Sources */ = {isa = PBXBuildFile; fileRef = D62EDEDA1D881B990070F673 /* TBVImageElement.m */; };
		D63E7B221D8934DD005F0B00 /* 0.jpg in Resources */ = {isa = PBXBuildFile; fileRef = D63E7B181D8934DD005F0B00 /* 0.jpg */; };
		D63E7B231D8934DD005F0B00 /* 0.jpg in Resources */ = {isa = PBXBuildFile; fileRef = D63E7B181D8934DD005F0B00 /* 0.jpg */; };
		D63E7B241D8934DD005F0B00 /* 1.jpg in Resources */ = {isa = PBXBuildFile; fileRef = D63E7B191D8934DD005F0B00 /* 1.jpg */; };
		D63E7B251D8934DD005F0B00 /* 1.jpg in Resources */ = {isa = PBXBuildFile; fileRef = D63E7B191D8934DD005F0B00 /* 1.jpg */; };
		D63E7B261D8934DD005F0B00 /* 2.jpg in Resources */ = {isa = PBXBuildFile; fileRef = D63E7B1A1D8934DD005F0B00 /* 2.jpg */; };
		D63E7B271D8934DD005F0B00 /* 2.jpg in Resources */ = {isa = PBXBuildFile; fileRef = D63E7B1A1D8934DD005F0B00 /* 2.jpg */; };
		D63E7B281D8934DD005F0B00 /* 3.jpg in Resources */ = {isa = PBXBuildFile; fileRef = D63E7B1B1D8934DD005F0B00 /* 3.jpg */; };
		D63E7B291D8934DD005F0B00 /* 3.jpg in Resources */ = {isa = PBXBuildFile; fileRef = D63E7B1B1D8934DD005F0B00 /* 3.jpg */; };
		D63E7B2A1D8934DD005F0B00 /* 4.jpg in Resources */ = {isa = PBXBuildFile; fileRef = D63E7B1C1D8934DD005F0B00 /* 4.jpg */; };
		D63E7B2B1D8934DD005F0B00 /* 4.jpg in Resources */ = {isa = PBXBuildFile; fileRef = D63E7B1C1D8934DD005F0B00 /* 4.jpg */; };
		D63E7B2C1D8934DD005F0B00 /* 5.jpg in Resources */ = {isa = PBXBuildFile; fileRef = D63E7B1D1D8934DD005F0B00 /* 5.jpg */; };
		D63E7B2D1D8934DD005F0B00 /* 5.jpg in Resources */ = {isa = PBXBuildFile; fileRef = D63E7B1D1D8934DD005F0B00 /* 5.jpg */; };
		D63E7B2E1D8934DD005F0B00 /* 6.jpg in Resources */ = {isa = PBXBuildFile; fileRef = D63E7B1E1D8934DD005F0B00 /* 6.jpg */; };
		D63E7B2F1D8934DD005F0B00 /* 6.jpg in Resources */ = {isa = PBXBuildFile; fileRef = D63E7B1E1D8934DD005F0B00 /* 6.jpg */; };
		D63E7B301D8934DD005F0B00 /* 7.jpg in Resources */ = {isa = PBXBuildFile; fileRef = D63E7B1F1D8934DD005F0B00 /* 7.jpg */; };
		D63E7B311D8934DD005F0B00 /* 7.jpg in Resources */ = {isa = PBXBuildFile; fileRef = D63E7B1F1D8934DD005F0B00 /* 7.jpg */; };
		D63E7B321D8934DD005F0B00 /* 8.jpg in Resources */ = {isa = PBXBuildFile; fileRef = D63E7B201D8934DD005F0B00 /* 8.jpg */; };
		D63E7B331D8934DD005F0B00 /* 8.jpg in Resources */ = {isa = PBXBuildFile; fileRef = D63E7B201D8934DD005F0B00 /* 8.jpg */; };
		D63E7B341D8934DD005F0B00 /* 9.jpg in Resources */ = {isa = PBXBuildFile; fileRef = D63E7B211D8934DD005F0B00 /* 9.jpg */; };
		D63E7B351D8934DD005F0B00 /* 9.jpg in Resources */ = {isa = PBXBuildFile; fileRef = D63E7B211D8934DD005F0B00 /* 9.jpg */; };
		D641C5B51D87D0E800F85C78 /* main.m in Sources */ = {isa = PBXBuildFile; fileRef = D641C5B41D87D0E800F85C78 /* main.m */; };
		D641C5B81D87D0E800F85C78 /* AppDelegate.m in Sources */ = {isa = PBXBuildFile; fileRef = D641C5B71D87D0E800F85C78 /* AppDelegate.m */; };
		D641C5BB1D87D0E800F85C78 /* ViewController.m in Sources */ = {isa = PBXBuildFile; fileRef = D641C5BA1D87D0E800F85C78 /* ViewController.m */; };
		D641C5BE1D87D0E800F85C78 /* Main.storyboard in Resources */ = {isa = PBXBuildFile; fileRef = D641C5BC1D87D0E800F85C78 /* Main.storyboard */; };
		D641C5C01D87D0E800F85C78 /* Assets.xcassets in Resources */ = {isa = PBXBuildFile; fileRef = D641C5BF1D87D0E800F85C78 /* Assets.xcassets */; };
		D641C5C31D87D0E800F85C78 /* LaunchScreen.storyboard in Resources */ = {isa = PBXBuildFile; fileRef = D641C5C11D87D0E800F85C78 /* LaunchScreen.storyboard */; };
		D641C5CE1D87D0E800F85C78 /* TBVImageBrowserTests.m in Sources */ = {isa = PBXBuildFile; fileRef = D641C5CD1D87D0E800F85C78 /* TBVImageBrowserTests.m */; };
		D641C5E21D87D22F00F85C78 /* TBVImageProviderManager.m in Sources */ = {isa = PBXBuildFile; fileRef = D641C5E01D87D22F00F85C78 /* TBVImageProviderManager.m */; };
		D641C5E91D87D26800F85C78 /* TBVImageBrowserView.m in Sources */ = {isa = PBXBuildFile; fileRef = D641C5E71D87D26800F85C78 /* TBVImageBrowserView.m */; };
		D65A7E2A1D87DB4D00276B55 /* TBVImageBrowserViewCell.m in Sources */ = {isa = PBXBuildFile; fileRef = D65A7E281D87DB4D00276B55 /* TBVImageBrowserViewCell.m */; };
		D65A7E2E1D87DC3000276B55 /* TBVImageBrowserItemViewModel.m in Sources */ = {isa = PBXBuildFile; fileRef = D65A7E2C1D87DC2700276B55 /* TBVImageBrowserItemViewModel.m */; };
		D65A7E321D87DCE400276B55 /* TBVImageBrowserViewFlowLayout.m in Sources */ = {isa = PBXBuildFile; fileRef = D65A7E301D87DCE100276B55 /* TBVImageBrowserViewFlowLayout.m */; };
		D65A7E3F1D87F2EE00276B55 /* TBVImageBrowserViewModel.m in Sources */ = {isa = PBXBuildFile; fileRef = D65A7E3D1D87F2EE00276B55 /* TBVImageBrowserViewModel.m */; };
		D65A7E491D87F89900276B55 /* TBVImageBrowserConfiguration.m in Sources */ = {isa = PBXBuildFile; fileRef = D65A7E471D87F89900276B55 /* TBVImageBrowserConfiguration.m */; };
		D6879C581E05637700F6DF4D /* README.md in Sources */ = {isa = PBXBuildFile; fileRef = D6879C571E05637700F6DF4D /* README.md */; };
		D6A99F081D8A5D7600FDE44A /* TBVImageBrowserTypes.m in Sources */ = {isa = PBXBuildFile; fileRef = D6A99F061D8A5D6C00FDE44A /* TBVImageBrowserTypes.m */; };
/* End PBXBuildFile section */

/* Begin PBXContainerItemProxy section */
		D641C5CA1D87D0E800F85C78 /* PBXContainerItemProxy */ = {
			isa = PBXContainerItemProxy;
			containerPortal = D641C5A81D87D0E800F85C78 /* Project object */;
			proxyType = 1;
			remoteGlobalIDString = D641C5AF1D87D0E800F85C78;
			remoteInfo = TBVImageBrowser;
		};
/* End PBXContainerItemProxy section */

/* Begin PBXFileReference section */
		2F5B872DC244070CC0135583 /* Pods-TBVImageBrowser.release.xcconfig */ = {isa = PBXFileReference; includeInIndex = 1; lastKnownFileType = text.xcconfig; name = "Pods-TBVImageBrowser.release.xcconfig"; path = "Pods/Target Support Files/Pods-TBVImageBrowser/Pods-TBVImageBrowser.release.xcconfig"; sourceTree = "<group>"; };
		A29D57E9ACA94EDFDD32CAAC /* Pods-TBVImageBrowser.debug.xcconfig */ = {isa = PBXFileReference; includeInIndex = 1; lastKnownFileType = text.xcconfig; name = "Pods-TBVImageBrowser.debug.xcconfig"; path = "Pods/Target Support Files/Pods-TBVImageBrowser/Pods-TBVImageBrowser.debug.xcconfig"; sourceTree = "<group>"; };
		D62EDED51D881B4D0070F673 /* TBVImageElementProtocol.h */ = {isa = PBXFileReference; fileEncoding = 4; lastKnownFileType = sourcecode.c.h; path = TBVImageElementProtocol.h; sourceTree = "<group>"; };
		D62EDED61D881B4D0070F673 /* TBVImageIdentifierProtocol.h */ = {isa = PBXFileReference; fileEncoding = 4; lastKnownFileType = sourcecode.c.h; path = TBVImageIdentifierProtocol.h; sourceTree = "<group>"; };
		D62EDED71D881B4D0070F673 /* TBVImageProviderManagerProtocol.h */ = {isa = PBXFileReference; fileEncoding = 4; lastKnownFileType = sourcecode.c.h; path = TBVImageProviderManagerProtocol.h; sourceTree = "<group>"; };
		D62EDED81D881B4D0070F673 /* TBVImageProviderProtocol.h */ = {isa = PBXFileReference; fileEncoding = 4; lastKnownFileType = sourcecode.c.h; path = TBVImageProviderProtocol.h; sourceTree = "<group>"; };
		D62EDED91D881B990070F673 /* TBVImageElement.h */ = {isa = PBXFileReference; fileEncoding = 4; lastKnownFileType = sourcecode.c.h; path = TBVImageElement.h; sourceTree = "<group>"; };
		D62EDEDA1D881B990070F673 /* TBVImageElement.m */ = {isa = PBXFileReference; fileEncoding = 4; lastKnownFileType = sourcecode.c.objc; path = TBVImageElement.m; sourceTree = "<group>"; };
		D63E7B181D8934DD005F0B00 /* 0.jpg */ = {isa = PBXFileReference; lastKnownFileType = image.jpeg; path = 0.jpg; sourceTree = "<group>"; };
		D63E7B191D8934DD005F0B00 /* 1.jpg */ = {isa = PBXFileReference; lastKnownFileType = image.jpeg; path = 1.jpg; sourceTree = "<group>"; };
		D63E7B1A1D8934DD005F0B00 /* 2.jpg */ = {isa = PBXFileReference; lastKnownFileType = image.jpeg; path = 2.jpg; sourceTree = "<group>"; };
		D63E7B1B1D8934DD005F0B00 /* 3.jpg */ = {isa = PBXFileReference; lastKnownFileType = image.jpeg; path = 3.jpg; sourceTree = "<group>"; };
		D63E7B1C1D8934DD005F0B00 /* 4.jpg */ = {isa = PBXFileReference; lastKnownFileType = image.jpeg; path = 4.jpg; sourceTree = "<group>"; };
		D63E7B1D1D8934DD005F0B00 /* 5.jpg */ = {isa = PBXFileReference; lastKnownFileType = image.jpeg; path = 5.jpg; sourceTree = "<group>"; };
		D63E7B1E1D8934DD005F0B00 /* 6.jpg */ = {isa = PBXFileReference; lastKnownFileType = image.jpeg; path = 6.jpg; sourceTree = "<group>"; };
		D63E7B1F1D8934DD005F0B00 /* 7.jpg */ = {isa = PBXFileReference; lastKnownFileType = image.jpeg; path = 7.jpg; sourceTree = "<group>"; };
		D63E7B201D8934DD005F0B00 /* 8.jpg */ = {isa = PBXFileReference; lastKnownFileType = image.jpeg; path = 8.jpg; sourceTree = "<group>"; };
		D63E7B211D8934DD005F0B00 /* 9.jpg */ = {isa = PBXFileReference; lastKnownFileType = image.jpeg; path = 9.jpg; sourceTree = "<group>"; };
		D63E7B391D895593005F0B00 /* TBVImageProgressPresenterProtocol.h */ = {isa = PBXFileReference; fileEncoding = 4; lastKnownFileType = sourcecode.c.h; path = TBVImageProgressPresenterProtocol.h; sourceTree = "<group>"; };
		D641C5B01D87D0E800F85C78 /* TBVImageBrowser.app */ = {isa = PBXFileReference; explicitFileType = wrapper.application; includeInIndex = 0; path = TBVImageBrowser.app; sourceTree = BUILT_PRODUCTS_DIR; };
		D641C5B41D87D0E800F85C78 /* main.m */ = {isa = PBXFileReference; lastKnownFileType = sourcecode.c.objc; path = main.m; sourceTree = "<group>"; };
		D641C5B61D87D0E800F85C78 /* AppDelegate.h */ = {isa = PBXFileReference; lastKnownFileType = sourcecode.c.h; path = AppDelegate.h; sourceTree = "<group>"; };
		D641C5B71D87D0E800F85C78 /* AppDelegate.m */ = {isa = PBXFileReference; lastKnownFileType = sourcecode.c.objc; path = AppDelegate.m; sourceTree = "<group>"; };
		D641C5B91D87D0E800F85C78 /* ViewController.h */ = {isa = PBXFileReference; lastKnownFileType = sourcecode.c.h; path = ViewController.h; sourceTree = "<group>"; };
		D641C5BA1D87D0E800F85C78 /* ViewController.m */ = {isa = PBXFileReference; lastKnownFileType = sourcecode.c.objc; path = ViewController.m; sourceTree = "<group>"; };
		D641C5BD1D87D0E800F85C78 /* Base */ = {isa = PBXFileReference; lastKnownFileType = file.storyboard; name = Base; path = Base.lproj/Main.storyboard; sourceTree = "<group>"; };
		D641C5BF1D87D0E800F85C78 /* Assets.xcassets */ = {isa = PBXFileReference; lastKnownFileType = folder.assetcatalog; path = Assets.xcassets; sourceTree = "<group>"; };
		D641C5C21D87D0E800F85C78 /* Base */ = {isa = PBXFileReference; lastKnownFileType = file.storyboard; name = Base; path = Base.lproj/LaunchScreen.storyboard; sourceTree = "<group>"; };
		D641C5C41D87D0E800F85C78 /* Info.plist */ = {isa = PBXFileReference; lastKnownFileType = text.plist.xml; path = Info.plist; sourceTree = "<group>"; };
		D641C5C91D87D0E800F85C78 /* TBVImageBrowserTests.xctest */ = {isa = PBXFileReference; explicitFileType = wrapper.cfbundle; includeInIndex = 0; path = TBVImageBrowserTests.xctest; sourceTree = BUILT_PRODUCTS_DIR; };
		D641C5CD1D87D0E800F85C78 /* TBVImageBrowserTests.m */ = {isa = PBXFileReference; lastKnownFileType = sourcecode.c.objc; path = TBVImageBrowserTests.m; sourceTree = "<group>"; };
		D641C5CF1D87D0E800F85C78 /* Info.plist */ = {isa = PBXFileReference; lastKnownFileType = text.plist.xml; path = Info.plist; sourceTree = "<group>"; };
		D641C5DF1D87D22F00F85C78 /* TBVImageProviderManager.h */ = {isa = PBXFileReference; fileEncoding = 4; lastKnownFileType = sourcecode.c.h; path = TBVImageProviderManager.h; sourceTree = "<group>"; };
		D641C5E01D87D22F00F85C78 /* TBVImageProviderManager.m */ = {isa = PBXFileReference; fileEncoding = 4; lastKnownFileType = sourcecode.c.objc; path = TBVImageProviderManager.m; sourceTree = "<group>"; };
		D641C5E61D87D26800F85C78 /* TBVImageBrowserView.h */ = {isa = PBXFileReference; fileEncoding = 4; lastKnownFileType = sourcecode.c.h; path = TBVImageBrowserView.h; sourceTree = "<group>"; };
		D641C5E71D87D26800F85C78 /* TBVImageBrowserView.m */ = {isa = PBXFileReference; fileEncoding = 4; lastKnownFileType = sourcecode.c.objc; path = TBVImageBrowserView.m; sourceTree = "<group>"; };
		D65A7E271D87DB4D00276B55 /* TBVImageBrowserViewCell.h */ = {isa = PBXFileReference; fileEncoding = 4; lastKnownFileType = sourcecode.c.h; path = TBVImageBrowserViewCell.h; sourceTree = "<group>"; };
		D65A7E281D87DB4D00276B55 /* TBVImageBrowserViewCell.m */ = {isa = PBXFileReference; fileEncoding = 4; lastKnownFileType = sourcecode.c.objc; path = TBVImageBrowserViewCell.m; sourceTree = "<group>"; };
		D65A7E2B1D87DC2700276B55 /* TBVImageBrowserItemViewModel.h */ = {isa = PBXFileReference; lastKnownFileType = sourcecode.c.h; path = TBVImageBrowserItemViewModel.h; sourceTree = "<group>"; };
		D65A7E2C1D87DC2700276B55 /* TBVImageBrowserItemViewModel.m */ = {isa = PBXFileReference; lastKnownFileType = sourcecode.c.objc; path = TBVImageBrowserItemViewModel.m; sourceTree = "<group>"; };
		D65A7E2F1D87DCE100276B55 /* TBVImageBrowserViewFlowLayout.h */ = {isa = PBXFileReference; lastKnownFileType = sourcecode.c.h; path = TBVImageBrowserViewFlowLayout.h; sourceTree = "<group>"; };
		D65A7E301D87DCE100276B55 /* TBVImageBrowserViewFlowLayout.m */ = {isa = PBXFileReference; lastKnownFileType = sourcecode.c.objc; path = TBVImageBrowserViewFlowLayout.m; sourceTree = "<group>"; };
		D65A7E3C1D87F2EE00276B55 /* TBVImageBrowserViewModel.h */ = {isa = PBXFileReference; fileEncoding = 4; lastKnownFileType = sourcecode.c.h; path = TBVImageBrowserViewModel.h; sourceTree = "<group>"; };
		D65A7E3D1D87F2EE00276B55 /* TBVImageBrowserViewModel.m */ = {isa = PBXFileReference; fileEncoding = 4; lastKnownFileType = sourcecode.c.objc; path = TBVImageBrowserViewModel.m; sourceTree = "<group>"; };
		D65A7E461D87F89900276B55 /* TBVImageBrowserConfiguration.h */ = {isa = PBXFileReference; fileEncoding = 4; lastKnownFileType = sourcecode.c.h; path = TBVImageBrowserConfiguration.h; sourceTree = "<group>"; };
		D65A7E471D87F89900276B55 /* TBVImageBrowserConfiguration.m */ = {isa = PBXFileReference; fileEncoding = 4; lastKnownFileType = sourcecode.c.objc; path = TBVImageBrowserConfiguration.m; sourceTree = "<group>"; };
		D65A7E841D880D2E00276B55 /* TBVImageBrowser.h */ = {isa = PBXFileReference; fileEncoding = 4; lastKnownFileType = sourcecode.c.h; path = TBVImageBrowser.h; sourceTree = "<group>"; };
		D6879C571E05637700F6DF4D /* README.md */ = {isa = PBXFileReference; fileEncoding = 4; lastKnownFileType = net.daringfireball.markdown; path = README.md; sourceTree = "<group>"; };
		D6A99F051D8A5D6C00FDE44A /* TBVImageBrowserTypes.h */ = {isa = PBXFileReference; lastKnownFileType = sourcecode.c.h; path = TBVImageBrowserTypes.h; sourceTree = "<group>"; };
		D6A99F061D8A5D6C00FDE44A /* TBVImageBrowserTypes.m */ = {isa = PBXFileReference; lastKnownFileType = sourcecode.c.objc; path = TBVImageBrowserTypes.m; sourceTree = "<group>"; };
		E7DAA40C384FD910CBF20E45 /* libPods-TBVImageBrowser.a */ = {isa = PBXFileReference; explicitFileType = archive.ar; includeInIndex = 0; path = "libPods-TBVImageBrowser.a"; sourceTree = BUILT_PRODUCTS_DIR; };
/* End PBXFileReference section */

/* Begin PBXFrameworksBuildPhase section */
		D641C5AD1D87D0E800F85C78 /* Frameworks */ = {
			isa = PBXFrameworksBuildPhase;
			buildActionMask = 2147483647;
			files = (
				8415B20685FB64313A42DDB4 /* libPods-TBVImageBrowser.a in Frameworks */,
			);
			runOnlyForDeploymentPostprocessing = 0;
		};
		D641C5C61D87D0E800F85C78 /* Frameworks */ = {
			isa = PBXFrameworksBuildPhase;
			buildActionMask = 2147483647;
			files = (
			);
			runOnlyForDeploymentPostprocessing = 0;
		};
/* End PBXFrameworksBuildPhase section */

/* Begin PBXGroup section */
		A45D236669D61B289A24C166 /* Pods */ = {
			isa = PBXGroup;
			children = (
				A29D57E9ACA94EDFDD32CAAC /* Pods-TBVImageBrowser.debug.xcconfig */,
				2F5B872DC244070CC0135583 /* Pods-TBVImageBrowser.release.xcconfig */,
			);
			name = Pods;
			sourceTree = "<group>";
		};
		D62EDED21D881B0B0070F673 /* Element */ = {
			isa = PBXGroup;
			children = (
				D62EDED91D881B990070F673 /* TBVImageElement.h */,
				D62EDEDA1D881B990070F673 /* TBVImageElement.m */,
			);
			path = Element;
			sourceTree = "<group>";
		};
		D62EDED41D881B4D0070F673 /* Protocol */ = {
			isa = PBXGroup;
			children = (
				D62EDED51D881B4D0070F673 /* TBVImageElementProtocol.h */,
				D62EDED61D881B4D0070F673 /* TBVImageIdentifierProtocol.h */,
				D62EDED71D881B4D0070F673 /* TBVImageProviderManagerProtocol.h */,
				D62EDED81D881B4D0070F673 /* TBVImageProviderProtocol.h */,
				D63E7B391D895593005F0B00 /* TBVImageProgressPresenterProtocol.h */,
			);
			path = Protocol;
			sourceTree = "<group>";
		};
		D63E7B171D8934DD005F0B00 /* Images */ = {
			isa = PBXGroup;
			children = (
				D63E7B181D8934DD005F0B00 /* 0.jpg */,
				D63E7B191D8934DD005F0B00 /* 1.jpg */,
				D63E7B1A1D8934DD005F0B00 /* 2.jpg */,
				D63E7B1B1D8934DD005F0B00 /* 3.jpg */,
				D63E7B1C1D8934DD005F0B00 /* 4.jpg */,
				D63E7B1D1D8934DD005F0B00 /* 5.jpg */,
				D63E7B1E1D8934DD005F0B00 /* 6.jpg */,
				D63E7B1F1D8934DD005F0B00 /* 7.jpg */,
				D63E7B201D8934DD005F0B00 /* 8.jpg */,
				D63E7B211D8934DD005F0B00 /* 9.jpg */,
			);
			path = Images;
			sourceTree = "<group>";
		};
		D641C5A71D87D0E800F85C78 = {
			isa = PBXGroup;
			children = (
				D641C5B21D87D0E800F85C78 /* TBVImageBrowser */,
				D641C5CC1D87D0E800F85C78 /* TBVImageBrowserTests */,
				D641C5B11D87D0E800F85C78 /* Products */,
				A45D236669D61B289A24C166 /* Pods */,
				F88AA50D2EDC710B39BD7DC1 /* Frameworks */,
			);
			sourceTree = "<group>";
		};
		D641C5B11D87D0E800F85C78 /* Products */ = {
			isa = PBXGroup;
			children = (
				D641C5B01D87D0E800F85C78 /* TBVImageBrowser.app */,
				D641C5C91D87D0E800F85C78 /* TBVImageBrowserTests.xctest */,
			);
			name = Products;
			sourceTree = "<group>";
		};
		D641C5B21D87D0E800F85C78 /* TBVImageBrowser */ = {
			isa = PBXGroup;
			children = (
				D641C5D81D87D1AA00F85C78 /* TBVImageBrowser */,
				D641C5B61D87D0E800F85C78 /* AppDelegate.h */,
				D641C5B71D87D0E800F85C78 /* AppDelegate.m */,
				D641C5B91D87D0E800F85C78 /* ViewController.h */,
				D641C5BA1D87D0E800F85C78 /* ViewController.m */,
				D6879C571E05637700F6DF4D /* README.md */,
				D641C5BC1D87D0E800F85C78 /* Main.storyboard */,
				D641C5BF1D87D0E800F85C78 /* Assets.xcassets */,
				D641C5C11D87D0E800F85C78 /* LaunchScreen.storyboard */,
				D641C5C41D87D0E800F85C78 /* Info.plist */,
				D641C5B31D87D0E800F85C78 /* Supporting Files */,
			);
			path = TBVImageBrowser;
			sourceTree = "<group>";
		};
		D641C5B31D87D0E800F85C78 /* Supporting Files */ = {
			isa = PBXGroup;
			children = (
				D63E7B171D8934DD005F0B00 /* Images */,
				D641C5B41D87D0E800F85C78 /* main.m */,
			);
			name = "Supporting Files";
			sourceTree = "<group>";
		};
		D641C5CC1D87D0E800F85C78 /* TBVImageBrowserTests */ = {
			isa = PBXGroup;
			children = (
				D641C5CD1D87D0E800F85C78 /* TBVImageBrowserTests.m */,
				D641C5CF1D87D0E800F85C78 /* Info.plist */,
			);
			path = TBVImageBrowserTests;
			sourceTree = "<group>";
		};
		D641C5D81D87D1AA00F85C78 /* TBVImageBrowser */ = {
			isa = PBXGroup;
			children = (
				D65A7E841D880D2E00276B55 /* TBVImageBrowser.h */,
				D6A99F051D8A5D6C00FDE44A /* TBVImageBrowserTypes.h */,
				D6A99F061D8A5D6C00FDE44A /* TBVImageBrowserTypes.m */,
				D62EDED41D881B4D0070F673 /* Protocol */,
				D62EDED21D881B0B0070F673 /* Element */,
				D65A7E451D87F89900276B55 /* Configuration */,
				D641C5D91D87D1AA00F85C78 /* Browser */,
				D641C5DA1D87D1AA00F85C78 /* ProviderManager */,
			);
			path = TBVImageBrowser;
			sourceTree = "<group>";
		};
		D641C5D91D87D1AA00F85C78 /* Browser */ = {
			isa = PBXGroup;
			children = (
				D65A7E3C1D87F2EE00276B55 /* TBVImageBrowserViewModel.h */,
				D65A7E3D1D87F2EE00276B55 /* TBVImageBrowserViewModel.m */,
				D641C5E61D87D26800F85C78 /* TBVImageBrowserView.h */,
				D641C5E71D87D26800F85C78 /* TBVImageBrowserView.m */,
				D65A7E2B1D87DC2700276B55 /* TBVImageBrowserItemViewModel.h */,
				D65A7E2C1D87DC2700276B55 /* TBVImageBrowserItemViewModel.m */,
				D65A7E271D87DB4D00276B55 /* TBVImageBrowserViewCell.h */,
				D65A7E281D87DB4D00276B55 /* TBVImageBrowserViewCell.m */,
				D65A7E2F1D87DCE100276B55 /* TBVImageBrowserViewFlowLayout.h */,
				D65A7E301D87DCE100276B55 /* TBVImageBrowserViewFlowLayout.m */,
			);
			path = Browser;
			sourceTree = "<group>";
		};
		D641C5DA1D87D1AA00F85C78 /* ProviderManager */ = {
			isa = PBXGroup;
			children = (
				D641C5DF1D87D22F00F85C78 /* TBVImageProviderManager.h */,
				D641C5E01D87D22F00F85C78 /* TBVImageProviderManager.m */,
			);
			path = ProviderManager;
			sourceTree = "<group>";
		};
		D65A7E451D87F89900276B55 /* Configuration */ = {
			isa = PBXGroup;
			children = (
				D65A7E461D87F89900276B55 /* TBVImageBrowserConfiguration.h */,
				D65A7E471D87F89900276B55 /* TBVImageBrowserConfiguration.m */,
			);
			path = Configuration;
			sourceTree = "<group>";
		};
		F88AA50D2EDC710B39BD7DC1 /* Frameworks */ = {
			isa = PBXGroup;
			children = (
				E7DAA40C384FD910CBF20E45 /* libPods-TBVImageBrowser.a */,
			);
			name = Frameworks;
			sourceTree = "<group>";
		};
/* End PBXGroup section */

/* Begin PBXNativeTarget section */
		D641C5AF1D87D0E800F85C78 /* TBVImageBrowser */ = {
			isa = PBXNativeTarget;
			buildConfigurationList = D641C5D21D87D0E800F85C78 /* Build configuration list for PBXNativeTarget "TBVImageBrowser" */;
			buildPhases = (
				49A2AE2CC7DDC5D17A03B065 /* [CP] Check Pods Manifest.lock */,
				D641C5AC1D87D0E800F85C78 /* Sources */,
				D641C5AD1D87D0E800F85C78 /* Frameworks */,
				D641C5AE1D87D0E800F85C78 /* Resources */,
				681DAD269C34FA4F42C3E3BD /* [CP] Embed Pods Frameworks */,
				ADAA4E5573F781A72D9E58F0 /* [CP] Copy Pods Resources */,
			);
			buildRules = (
			);
			dependencies = (
			);
			name = TBVImageBrowser;
			productName = TBVImageBrowser;
			productReference = D641C5B01D87D0E800F85C78 /* TBVImageBrowser.app */;
			productType = "com.apple.product-type.application";
		};
		D641C5C81D87D0E800F85C78 /* TBVImageBrowserTests */ = {
			isa = PBXNativeTarget;
			buildConfigurationList = D641C5D51D87D0E800F85C78 /* Build configuration list for PBXNativeTarget "TBVImageBrowserTests" */;
			buildPhases = (
				D641C5C51D87D0E800F85C78 /* Sources */,
				D641C5C61D87D0E800F85C78 /* Frameworks */,
				D641C5C71D87D0E800F85C78 /* Resources */,
			);
			buildRules = (
			);
			dependencies = (
				D641C5CB1D87D0E800F85C78 /* PBXTargetDependency */,
			);
			name = TBVImageBrowserTests;
			productName = TBVImageBrowserTests;
			productReference = D641C5C91D87D0E800F85C78 /* TBVImageBrowserTests.xctest */;
			productType = "com.apple.product-type.bundle.unit-test";
		};
/* End PBXNativeTarget section */

/* Begin PBXProject section */
		D641C5A81D87D0E800F85C78 /* Project object */ = {
			isa = PBXProject;
			attributes = {
				LastUpgradeCheck = 0830;
				ORGANIZATIONNAME = tripleCC;
				TargetAttributes = {
					D641C5AF1D87D0E800F85C78 = {
						CreatedOnToolsVersion = 7.3.1;
						DevelopmentTeam = 8BU8NMY9TY;
					};
					D641C5C81D87D0E800F85C78 = {
						CreatedOnToolsVersion = 7.3.1;
						TestTargetID = D641C5AF1D87D0E800F85C78;
					};
				};
			};
			buildConfigurationList = D641C5AB1D87D0E800F85C78 /* Build configuration list for PBXProject "TBVImageBrowser" */;
			compatibilityVersion = "Xcode 3.2";
			developmentRegion = English;
			hasScannedForEncodings = 0;
			knownRegions = (
				en,
				Base,
			);
			mainGroup = D641C5A71D87D0E800F85C78;
			productRefGroup = D641C5B11D87D0E800F85C78 /* Products */;
			projectDirPath = "";
			projectRoot = "";
			targets = (
				D641C5AF1D87D0E800F85C78 /* TBVImageBrowser */,
				D641C5C81D87D0E800F85C78 /* TBVImageBrowserTests */,
			);
		};
/* End PBXProject section */

/* Begin PBXResourcesBuildPhase section */
		D641C5AE1D87D0E800F85C78 /* Resources */ = {
			isa = PBXResourcesBuildPhase;
			buildActionMask = 2147483647;
			files = (
				D63E7B321D8934DD005F0B00 /* 8.jpg in Resources */,
				D63E7B301D8934DD005F0B00 /* 7.jpg in Resources */,
				D63E7B261D8934DD005F0B00 /* 2.jpg in Resources */,
				D63E7B221D8934DD005F0B00 /* 0.jpg in Resources */,
				D63E7B341D8934DD005F0B00 /* 9.jpg in Resources */,
				D641C5C31D87D0E800F85C78 /* LaunchScreen.storyboard in Resources */,
				D641C5C01D87D0E800F85C78 /* Assets.xcassets in Resources */,
				D63E7B2E1D8934DD005F0B00 /* 6.jpg in Resources */,
				D63E7B2A1D8934DD005F0B00 /* 4.jpg in Resources */,
				D641C5BE1D87D0E800F85C78 /* Main.storyboard in Resources */,
				D63E7B2C1D8934DD005F0B00 /* 5.jpg in Resources */,
				D63E7B281D8934DD005F0B00 /* 3.jpg in Resources */,
				D63E7B241D8934DD005F0B00 /* 1.jpg in Resources */,
			);
			runOnlyForDeploymentPostprocessing = 0;
		};
		D641C5C71D87D0E800F85C78 /* Resources */ = {
			isa = PBXResourcesBuildPhase;
			buildActionMask = 2147483647;
			files = (
				D63E7B2F1D8934DD005F0B00 /* 6.jpg in Resources */,
				D63E7B271D8934DD005F0B00 /* 2.jpg in Resources */,
				D63E7B231D8934DD005F0B00 /* 0.jpg in Resources */,
				D63E7B351D8934DD005F0B00 /* 9.jpg in Resources */,
				D63E7B251D8934DD005F0B00 /* 1.jpg in Resources */,
				D63E7B2D1D8934DD005F0B00 /* 5.jpg in Resources */,
				D63E7B2B1D8934DD005F0B00 /* 4.jpg in Resources */,
				D63E7B331D8934DD005F0B00 /* 8.jpg in Resources */,
				D63E7B291D8934DD005F0B00 /* 3.jpg in Resources */,
				D63E7B311D8934DD005F0B00 /* 7.jpg in Resources */,
			);
			runOnlyForDeploymentPostprocessing = 0;
		};
/* End PBXResourcesBuildPhase section */

/* Begin PBXShellScriptBuildPhase section */
		49A2AE2CC7DDC5D17A03B065 /* [CP] Check Pods Manifest.lock */ = {
			isa = PBXShellScriptBuildPhase;
			buildActionMask = 2147483647;
			files = (
			);
			inputPaths = (
			);
			name = "[CP] Check Pods Manifest.lock";
			outputPaths = (
			);
			runOnlyForDeploymentPostprocessing = 0;
			shellPath = /bin/sh;
			shellScript = "diff \"${PODS_ROOT}/../Podfile.lock\" \"${PODS_ROOT}/Manifest.lock\" > /dev/null\nif [ $? != 0 ] ; then\n    # print error to STDERR\n    echo \"error: The sandbox is not in sync with the Podfile.lock. Run 'pod install' or update your CocoaPods installation.\" >&2\n    exit 1\nfi\n";
			showEnvVarsInLog = 0;
		};
		681DAD269C34FA4F42C3E3BD /* [CP] Embed Pods Frameworks */ = {
			isa = PBXShellScriptBuildPhase;
			buildActionMask = 2147483647;
			files = (
			);
			inputPaths = (
			);
			name = "[CP] Embed Pods Frameworks";
			outputPaths = (
			);
			runOnlyForDeploymentPostprocessing = 0;
			shellPath = /bin/sh;
			shellScript = "\"${SRCROOT}/Pods/Target Support Files/Pods-TBVImageBrowser/Pods-TBVImageBrowser-frameworks.sh\"\n";
			showEnvVarsInLog = 0;
		};
		ADAA4E5573F781A72D9E58F0 /* [CP] Copy Pods Resources */ = {
			isa = PBXShellScriptBuildPhase;
			buildActionMask = 2147483647;
			files = (
			);
			inputPaths = (
			);
			name = "[CP] Copy Pods Resources";
			outputPaths = (
			);
			runOnlyForDeploymentPostprocessing = 0;
			shellPath = /bin/sh;
			shellScript = "\"${SRCROOT}/Pods/Target Support Files/Pods-TBVImageBrowser/Pods-TBVImageBrowser-resources.sh\"\n";
			showEnvVarsInLog = 0;
		};
/* End PBXShellScriptBuildPhase section */

/* Begin PBXSourcesBuildPhase section */
		D641C5AC1D87D0E800F85C78 /* Sources */ = {
			isa = PBXSourcesBuildPhase;
			buildActionMask = 2147483647;
			files = (
				D641C5BB1D87D0E800F85C78 /* ViewController.m in Sources */,
				D641C5B81D87D0E800F85C78 /* AppDelegate.m in Sources */,
				D6879C581E05637700F6DF4D /* README.md in Sources */,
				D641C5B51D87D0E800F85C78 /* main.m in Sources */,
			);
			runOnlyForDeploymentPostprocessing = 0;
		};
		D641C5C51D87D0E800F85C78 /* Sources */ = {
			isa = PBXSourcesBuildPhase;
			buildActionMask = 2147483647;
			files = (
				D65A7E321D87DCE400276B55 /* TBVImageBrowserViewFlowLayout.m in Sources */,
				D62EDEDC1D881B990070F673 /* TBVImageElement.m in Sources */,
				D6A99F081D8A5D7600FDE44A /* TBVImageBrowserTypes.m in Sources */,
				D65A7E2A1D87DB4D00276B55 /* TBVImageBrowserViewCell.m in Sources */,
				D65A7E491D87F89900276B55 /* TBVImageBrowserConfiguration.m in Sources */,
				D65A7E3F1D87F2EE00276B55 /* TBVImageBrowserViewModel.m in Sources */,
				D65A7E2E1D87DC3000276B55 /* TBVImageBrowserItemViewModel.m in Sources */,
				D641C5CE1D87D0E800F85C78 /* TBVImageBrowserTests.m in Sources */,
				D641C5E91D87D26800F85C78 /* TBVImageBrowserView.m in Sources */,
				D641C5E21D87D22F00F85C78 /* TBVImageProviderManager.m in Sources */,
			);
			runOnlyForDeploymentPostprocessing = 0;
		};
/* End PBXSourcesBuildPhase section */

/* Begin PBXTargetDependency section */
		D641C5CB1D87D0E800F85C78 /* PBXTargetDependency */ = {
			isa = PBXTargetDependency;
			target = D641C5AF1D87D0E800F85C78 /* TBVImageBrowser */;
			targetProxy = D641C5CA1D87D0E800F85C78 /* PBXContainerItemProxy */;
		};
/* End PBXTargetDependency section */

/* Begin PBXVariantGroup section */
		D641C5BC1D87D0E800F85C78 /* Main.storyboard */ = {
			isa = PBXVariantGroup;
			children = (
				D641C5BD1D87D0E800F85C78 /* Base */,
			);
			name = Main.storyboard;
			sourceTree = "<group>";
		};
		D641C5C11D87D0E800F85C78 /* LaunchScreen.storyboard */ = {
			isa = PBXVariantGroup;
			children = (
				D641C5C21D87D0E800F85C78 /* Base */,
			);
			name = LaunchScreen.storyboard;
			sourceTree = "<group>";
		};
/* End PBXVariantGroup section */

/* Begin XCBuildConfiguration section */
		D641C5D01D87D0E800F85C78 /* Debug */ = {
			isa = XCBuildConfiguration;
			buildSettings = {
				ALWAYS_SEARCH_USER_PATHS = NO;
				CLANG_ANALYZER_NONNULL = YES;
				CLANG_CXX_LANGUAGE_STANDARD = "gnu++0x";
				CLANG_CXX_LIBRARY = "libc++";
				CLANG_ENABLE_MODULES = YES;
				CLANG_ENABLE_OBJC_ARC = YES;
				CLANG_WARN_BOOL_CONVERSION = YES;
				CLANG_WARN_CONSTANT_CONVERSION = YES;
				CLANG_WARN_DIRECT_OBJC_ISA_USAGE = YES_ERROR;
				CLANG_WARN_EMPTY_BODY = YES;
				CLANG_WARN_ENUM_CONVERSION = YES;
				CLANG_WARN_INFINITE_RECURSION = YES;
				CLANG_WARN_INT_CONVERSION = YES;
				CLANG_WARN_OBJC_ROOT_CLASS = YES_ERROR;
				CLANG_WARN_SUSPICIOUS_MOVE = YES;
				CLANG_WARN_UNREACHABLE_CODE = YES;
				CLANG_WARN__DUPLICATE_METHOD_MATCH = YES;
				"CODE_SIGN_IDENTITY[sdk=iphoneos*]" = "iPhone Developer";
				COPY_PHASE_STRIP = NO;
				DEBUG_INFORMATION_FORMAT = dwarf;
				ENABLE_STRICT_OBJC_MSGSEND = YES;
				ENABLE_TESTABILITY = YES;
				GCC_C_LANGUAGE_STANDARD = gnu99;
				GCC_DYNAMIC_NO_PIC = NO;
				GCC_NO_COMMON_BLOCKS = YES;
				GCC_OPTIMIZATION_LEVEL = 0;
				GCC_PREPROCESSOR_DEFINITIONS = (
					"DEBUG=1",
					"$(inherited)",
				);
				GCC_WARN_64_TO_32_BIT_CONVERSION = YES;
				GCC_WARN_ABOUT_RETURN_TYPE = YES_ERROR;
				GCC_WARN_UNDECLARED_SELECTOR = YES;
				GCC_WARN_UNINITIALIZED_AUTOS = YES_AGGRESSIVE;
				GCC_WARN_UNUSED_FUNCTION = YES;
				GCC_WARN_UNUSED_VARIABLE = YES;
				IPHONEOS_DEPLOYMENT_TARGET = 9.3;
				MTL_ENABLE_DEBUG_INFO = YES;
				ONLY_ACTIVE_ARCH = YES;
				SDKROOT = iphoneos;
				TARGETED_DEVICE_FAMILY = "1,2";
			};
			name = Debug;
		};
		D641C5D11D87D0E800F85C78 /* Release */ = {
			isa = XCBuildConfiguration;
			buildSettings = {
				ALWAYS_SEARCH_USER_PATHS = NO;
				CLANG_ANALYZER_NONNULL = YES;
				CLANG_CXX_LANGUAGE_STANDARD = "gnu++0x";
				CLANG_CXX_LIBRARY = "libc++";
				CLANG_ENABLE_MODULES = YES;
				CLANG_ENABLE_OBJC_ARC = YES;
				CLANG_WARN_BOOL_CONVERSION = YES;
				CLANG_WARN_CONSTANT_CONVERSION = YES;
				CLANG_WARN_DIRECT_OBJC_ISA_USAGE = YES_ERROR;
				CLANG_WARN_EMPTY_BODY = YES;
				CLANG_WARN_ENUM_CONVERSION = YES;
				CLANG_WARN_INFINITE_RECURSION = YES;
				CLANG_WARN_INT_CONVERSION = YES;
				CLANG_WARN_OBJC_ROOT_CLASS = YES_ERROR;
				CLANG_WARN_SUSPICIOUS_MOVE = YES;
				CLANG_WARN_UNREACHABLE_CODE = YES;
				CLANG_WARN__DUPLICATE_METHOD_MATCH = YES;
				"CODE_SIGN_IDENTITY[sdk=iphoneos*]" = "iPhone Developer";
				COPY_PHASE_STRIP = NO;
				DEBUG_INFORMATION_FORMAT = "dwarf-with-dsym";
				ENABLE_NS_ASSERTIONS = NO;
				ENABLE_STRICT_OBJC_MSGSEND = YES;
				GCC_C_LANGUAGE_STANDARD = gnu99;
				GCC_NO_COMMON_BLOCKS = YES;
				GCC_WARN_64_TO_32_BIT_CONVERSION = YES;
				GCC_WARN_ABOUT_RETURN_TYPE = YES_ERROR;
				GCC_WARN_UNDECLARED_SELECTOR = YES;
				GCC_WARN_UNINITIALIZED_AUTOS = YES_AGGRESSIVE;
				GCC_WARN_UNUSED_FUNCTION = YES;
				GCC_WARN_UNUSED_VARIABLE = YES;
				IPHONEOS_DEPLOYMENT_TARGET = 9.3;
				MTL_ENABLE_DEBUG_INFO = NO;
				SDKROOT = iphoneos;
				TARGETED_DEVICE_FAMILY = "1,2";
				VALIDATE_PRODUCT = YES;
			};
			name = Release;
		};
		D641C5D31D87D0E800F85C78 /* Debug */ = {
			isa = XCBuildConfiguration;
			baseConfigurationReference = A29D57E9ACA94EDFDD32CAAC /* Pods-TBVImageBrowser.debug.xcconfig */;
			buildSettings = {
				ASSETCATALOG_COMPILER_APPICON_NAME = AppIcon;
				DEVELOPMENT_TEAM = 8BU8NMY9TY;
				INFOPLIST_FILE = TBVImageBrowser/Info.plist;
				IPHONEOS_DEPLOYMENT_TARGET = 8.0;
				LD_RUNPATH_SEARCH_PATHS = "$(inherited) @executable_path/Frameworks";
				PRODUCT_BUNDLE_IDENTIFIER = com.triplec.TBVImageBrowser;
				PRODUCT_NAME = "$(TARGET_NAME)";
			};
			name = Debug;
		};
		D641C5D41D87D0E800F85C78 /* Release */ = {
			isa = XCBuildConfiguration;
			baseConfigurationReference = 2F5B872DC244070CC0135583 /* Pods-TBVImageBrowser.release.xcconfig */;
			buildSettings = {
				ASSETCATALOG_COMPILER_APPICON_NAME = AppIcon;
				DEVELOPMENT_TEAM = 8BU8NMY9TY;
				INFOPLIST_FILE = TBVImageBrowser/Info.plist;
				IPHONEOS_DEPLOYMENT_TARGET = 8.0;
				LD_RUNPATH_SEARCH_PATHS = "$(inherited) @executable_path/Frameworks";
				PRODUCT_BUNDLE_IDENTIFIER = com.triplec.TBVImageBrowser;
				PRODUCT_NAME = "$(TARGET_NAME)";
			};
			name = Release;
		};
		D641C5D61D87D0E800F85C78 /* Debug */ = {
			isa = XCBuildConfiguration;
			buildSettings = {
				BUNDLE_LOADER = "$(TEST_HOST)";
				INFOPLIST_FILE = TBVImageBrowserTests/Info.plist;
				LD_RUNPATH_SEARCH_PATHS = "$(inherited) @executable_path/Frameworks @loader_path/Frameworks";
				PRODUCT_BUNDLE_IDENTIFIER = com.triplec.TBVImageBrowserTests;
				PRODUCT_NAME = "$(TARGET_NAME)";
				TEST_HOST = "$(BUILT_PRODUCTS_DIR)/TBVImageBrowser.app/TBVImageBrowser";
			};
			name = Debug;
		};
		D641C5D71D87D0E800F85C78 /* Release */ = {
			isa = XCBuildConfiguration;
			buildSettings = {
				BUNDLE_LOADER = "$(TEST_HOST)";
				INFOPLIST_FILE = TBVImageBrowserTests/Info.plist;
				LD_RUNPATH_SEARCH_PATHS = "$(inherited) @executable_path/Frameworks @loader_path/Frameworks";
				PRODUCT_BUNDLE_IDENTIFIER = com.triplec.TBVImageBrowserTests;
				PRODUCT_NAME = "$(TARGET_NAME)";
				TEST_HOST = "$(BUILT_PRODUCTS_DIR)/TBVImageBrowser.app/TBVImageBrowser";
			};
			name = Release;
		};
/* End XCBuildConfiguration section */

/* Begin XCConfigurationList section */
		D641C5AB1D87D0E800F85C78 /* Build configuration list for PBXProject "TBVImageBrowser" */ = {
			isa = XCConfigurationList;
			buildConfigurations = (
				D641C5D01D87D0E800F85C78 /* Debug */,
				D641C5D11D87D0E800F85C78 /* Release */,
			);
			defaultConfigurationIsVisible = 0;
			defaultConfigurationName = Release;
		};
		D641C5D21D87D0E800F85C78 /* Build configuration list for PBXNativeTarget "TBVImageBrowser" */ = {
			isa = XCConfigurationList;
			buildConfigurations = (
				D641C5D31D87D0E800F85C78 /* Debug */,
				D641C5D41D87D0E800F85C78 /* Release */,
			);
			defaultConfigurationIsVisible = 0;
			defaultConfigurationName = Release;
		};
		D641C5D51D87D0E800F85C78 /* Build configuration list for PBXNativeTarget "TBVImageBrowserTests" */ = {
			isa = XCConfigurationList;
			buildConfigurations = (
				D641C5D61D87D0E800F85C78 /* Debug */,
				D641C5D71D87D0E800F85C78 /* Release */,
			);
			defaultConfigurationIsVisible = 0;
			defaultConfigurationName = Release;
		};
/* End XCConfigurationList section */
	};
	rootObject = D641C5A81D87D0E800F85C78 /* Project object */;
}
